// !$*UTF8*$!
{
	archiveVersion = 1;
	classes = {
	};
	objectVersion = 46;
	objects = {

/* Begin PBXBuildFile section */
		75422CD61D6EF19000DCA674 /* main.m in Sources */ = {isa = PBXBuildFile; fileRef = 75422CD51D6EF19000DCA674 /* main.m */; };
		75422CD91D6EF19000DCA674 /* AppDelegate.m in Sources */ = {isa = PBXBuildFile; fileRef = 75422CD81D6EF19000DCA674 /* AppDelegate.m */; };
		75422CDC1D6EF19000DCA674 /* ViewController.m in Sources */ = {isa = PBXBuildFile; fileRef = 75422CDB1D6EF19000DCA674 /* ViewController.m */; };
		75422CDF1D6EF19000DCA674 /* Main.storyboard in Resources */ = {isa = PBXBuildFile; fileRef = 75422CDD1D6EF19000DCA674 /* Main.storyboard */; };
		75422CE11D6EF19000DCA674 /* Assets.xcassets in Resources */ = {isa = PBXBuildFile; fileRef = 75422CE01D6EF19000DCA674 /* Assets.xcassets */; };
		75422CE41D6EF19000DCA674 /* LaunchScreen.storyboard in Resources */ = {isa = PBXBuildFile; fileRef = 75422CE21D6EF19000DCA674 /* LaunchScreen.storyboard */; };
		75422CF41D6EF19F00DCA674 /* DCURLNavgation.m in Sources */ = {isa = PBXBuildFile; fileRef = 75422CEE1D6EF19F00DCA674 /* DCURLNavgation.m */; };
		75422CF51D6EF19F00DCA674 /* DCURLRouter.m in Sources */ = {isa = PBXBuildFile; fileRef = 75422CF01D6EF19F00DCA674 /* DCURLRouter.m */; };
		75422CF61D6EF19F00DCA674 /* DCURLRouter.plist in Resources */ = {isa = PBXBuildFile; fileRef = 75422CF11D6EF19F00DCA674 /* DCURLRouter.plist */; };
		75422CF71D6EF19F00DCA674 /* UIViewController+DCURLRouter.m in Sources */ = {isa = PBXBuildFile; fileRef = 75422CF31D6EF19F00DCA674 /* UIViewController+DCURLRouter.m */; };
		75422D0F1D6EF1B100DCA674 /* Info.plist in Resources */ = {isa = PBXBuildFile; fileRef = 75422CF91D6EF1B100DCA674 /* Info.plist */; };
		75422D101D6EF1B100DCA674 /* MJExtensionConst.m in Sources */ = {isa = PBXBuildFile; fileRef = 75422CFC1D6EF1B100DCA674 /* MJExtensionConst.m */; };
		75422D111D6EF1B100DCA674 /* MJFoundation.m in Sources */ = {isa = PBXBuildFile; fileRef = 75422CFE1D6EF1B100DCA674 /* MJFoundation.m */; };
		75422D121D6EF1B100DCA674 /* MJProperty.m in Sources */ = {isa = PBXBuildFile; fileRef = 75422D001D6EF1B100DCA674 /* MJProperty.m */; };
		75422D131D6EF1B100DCA674 /* MJPropertyKey.m in Sources */ = {isa = PBXBuildFile; fileRef = 75422D021D6EF1B100DCA674 /* MJPropertyKey.m */; };
		75422D141D6EF1B100DCA674 /* MJPropertyType.m in Sources */ = {isa = PBXBuildFile; fileRef = 75422D041D6EF1B100DCA674 /* MJPropertyType.m */; };
		75422D151D6EF1B100DCA674 /* NSObject+MJClass.m in Sources */ = {isa = PBXBuildFile; fileRef = 75422D061D6EF1B100DCA674 /* NSObject+MJClass.m */; };
		75422D161D6EF1B100DCA674 /* NSObject+MJCoding.m in Sources */ = {isa = PBXBuildFile; fileRef = 75422D081D6EF1B100DCA674 /* NSObject+MJCoding.m */; };
		75422D171D6EF1B100DCA674 /* NSObject+MJKeyValue.m in Sources */ = {isa = PBXBuildFile; fileRef = 75422D0A1D6EF1B100DCA674 /* NSObject+MJKeyValue.m */; };
		75422D181D6EF1B100DCA674 /* NSObject+MJProperty.m in Sources */ = {isa = PBXBuildFile; fileRef = 75422D0C1D6EF1B100DCA674 /* NSObject+MJProperty.m */; };
		75422D191D6EF1B100DCA674 /* NSString+MJExtension.m in Sources */ = {isa = PBXBuildFile; fileRef = 75422D0E1D6EF1B100DCA674 /* NSString+MJExtension.m */; };
		75422D1C1D6EF1E000DCA674 /* Avc.m in Sources */ = {isa = PBXBuildFile; fileRef = 75422D1B1D6EF1E000DCA674 /* Avc.m */; };
		75422D1F1D6EF34A00DCA674 /* Model.m in Sources */ = {isa = PBXBuildFile; fileRef = 75422D1E1D6EF34A00DCA674 /* Model.m */; };
/* End PBXBuildFile section */

/* Begin PBXFileReference section */
		75422CD11D6EF19000DCA674 /* TongTiaoXieYi.app */ = {isa = PBXFileReference; explicitFileType = wrapper.application; includeInIndex = 0; path = TongTiaoXieYi.app; sourceTree = BUILT_PRODUCTS_DIR; };
		75422CD51D6EF19000DCA674 /* main.m */ = {isa = PBXFileReference; lastKnownFileType = sourcecode.c.objc; path = main.m; sourceTree = "<group>"; };
		75422CD71D6EF19000DCA674 /* AppDelegate.h */ = {isa = PBXFileReference; lastKnownFileType = sourcecode.c.h; path = AppDelegate.h; sourceTree = "<group>"; };
		75422CD81D6EF19000DCA674 /* AppDelegate.m */ = {isa = PBXFileReference; lastKnownFileType = sourcecode.c.objc; path = AppDelegate.m; sourceTree = "<group>"; };
		75422CDA1D6EF19000DCA674 /* ViewController.h */ = {isa = PBXFileReference; lastKnownFileType = sourcecode.c.h; path = ViewController.h; sourceTree = "<group>"; };
		75422CDB1D6EF19000DCA674 /* ViewController.m */ = {isa = PBXFileReference; lastKnownFileType = sourcecode.c.objc; path = ViewController.m; sourceTree = "<group>"; };
		75422CDE1D6EF19000DCA674 /* Base */ = {isa = PBXFileReference; lastKnownFileType = file.storyboard; name = Base; path = Base.lproj/Main.storyboard; sourceTree = "<group>"; };
		75422CE01D6EF19000DCA674 /* Assets.xcassets */ = {isa = PBXFileReference; lastKnownFileType = folder.assetcatalog; path = Assets.xcassets; sourceTree = "<group>"; };
		75422CE31D6EF19000DCA674 /* Base */ = {isa = PBXFileReference; lastKnownFileType = file.storyboard; name = Base; path = Base.lproj/LaunchScreen.storyboard; sourceTree = "<group>"; };
		75422CE51D6EF19000DCA674 /* Info.plist */ = {isa = PBXFileReference; lastKnownFileType = text.plist.xml; path = Info.plist; sourceTree = "<group>"; };
		75422CEC1D6EF19F00DCA674 /* DCSingleton.h */ = {isa = PBXFileReference; fileEncoding = 4; lastKnownFileType = sourcecode.c.h; path = DCSingleton.h; sourceTree = "<group>"; };
		75422CED1D6EF19F00DCA674 /* DCURLNavgation.h */ = {isa = PBXFileReference; fileEncoding = 4; lastKnownFileType = sourcecode.c.h; path = DCURLNavgation.h; sourceTree = "<group>"; };
		75422CEE1D6EF19F00DCA674 /* DCURLNavgation.m */ = {isa = PBXFileReference; fileEncoding = 4; lastKnownFileType = sourcecode.c.objc; path = DCURLNavgation.m; sourceTree = "<group>"; };
		75422CEF1D6EF19F00DCA674 /* DCURLRouter.h */ = {isa = PBXFileReference; fileEncoding = 4; lastKnownFileType = sourcecode.c.h; path = DCURLRouter.h; sourceTree = "<group>"; };
		75422CF01D6EF19F00DCA674 /* DCURLRouter.m */ = {isa = PBXFileReference; fileEncoding = 4; lastKnownFileType = sourcecode.c.objc; path = DCURLRouter.m; sourceTree = "<group>"; };
		75422CF11D6EF19F00DCA674 /* DCURLRouter.plist */ = {isa = PBXFileReference; fileEncoding = 4; lastKnownFileType = text.plist.xml; path = DCURLRouter.plist; sourceTree = "<group>"; };
		75422CF21D6EF19F00DCA674 /* UIViewController+DCURLRouter.h */ = {isa = PBXFileReference; fileEncoding = 4; lastKnownFileType = sourcecode.c.h; path = "UIViewController+DCURLRouter.h"; sourceTree = "<group>"; };
		75422CF31D6EF19F00DCA674 /* UIViewController+DCURLRouter.m */ = {isa = PBXFileReference; fileEncoding = 4; lastKnownFileType = sourcecode.c.objc; path = "UIViewController+DCURLRouter.m"; sourceTree = "<group>"; };
		75422CF91D6EF1B100DCA674 /* Info.plist */ = {isa = PBXFileReference; fileEncoding = 4; lastKnownFileType = text.plist.xml; path = Info.plist; sourceTree = "<group>"; };
		75422CFA1D6EF1B100DCA674 /* MJExtension.h */ = {isa = PBXFileReference; fileEncoding = 4; lastKnownFileType = sourcecode.c.h; path = MJExtension.h; sourceTree = "<group>"; };
		75422CFB1D6EF1B100DCA674 /* MJExtensionConst.h */ = {isa = PBXFileReference; fileEncoding = 4; lastKnownFileType = sourcecode.c.h; path = MJExtensionConst.h; sourceTree = "<group>"; };
		75422CFC1D6EF1B100DCA674 /* MJExtensionConst.m */ = {isa = PBXFileReference; fileEncoding = 4; lastKnownFileType = sourcecode.c.objc; path = MJExtensionConst.m; sourceTree = "<group>"; };
		75422CFD1D6EF1B100DCA674 /* MJFoundation.h */ = {isa = PBXFileReference; fileEncoding = 4; lastKnownFileType = sourcecode.c.h; path = MJFoundation.h; sourceTree = "<group>"; };
		75422CFE1D6EF1B100DCA674 /* MJFoundation.m */ = {isa = PBXFileReference; fileEncoding = 4; lastKnownFileType = sourcecode.c.objc; path = MJFoundation.m; sourceTree = "<group>"; };
		75422CFF1D6EF1B100DCA674 /* MJProperty.h */ = {isa = PBXFileReference; fileEncoding = 4; lastKnownFileType = sourcecode.c.h; path = MJProperty.h; sourceTree = "<group>"; };
		75422D001D6EF1B100DCA674 /* MJProperty.m */ = {isa = PBXFileReference; fileEncoding = 4; lastKnownFileType = sourcecode.c.objc; path = MJProperty.m; sourceTree = "<group>"; };
		75422D011D6EF1B100DCA674 /* MJPropertyKey.h */ = {isa = PBXFileReference; fileEncoding = 4; lastKnownFileType = sourcecode.c.h; path = MJPropertyKey.h; sourceTree = "<group>"; };
		75422D021D6EF1B100DCA674 /* MJPropertyKey.m */ = {isa = PBXFileReference; fileEncoding = 4; lastKnownFileType = sourcecode.c.objc; path = MJPropertyKey.m; sourceTree = "<group>"; };
		75422D031D6EF1B100DCA674 /* MJPropertyType.h */ = {isa = PBXFileReference; fileEncoding = 4; lastKnownFileType = sourcecode.c.h; path = MJPropertyType.h; sourceTree = "<group>"; };
		75422D041D6EF1B100DCA674 /* MJPropertyType.m */ = {isa = PBXFileReference; fileEncoding = 4; lastKnownFileType = sourcecode.c.objc; path = MJPropertyType.m; sourceTree = "<group>"; };
		75422D051D6EF1B100DCA674 /* NSObject+MJClass.h */ = {isa = PBXFileReference; fileEncoding = 4; lastKnownFileType = sourcecode.c.h; path = "NSObject+MJClass.h"; sourceTree = "<group>"; };
		75422D061D6EF1B100DCA674 /* NSObject+MJClass.m */ = {isa = PBXFileReference; fileEncoding = 4; lastKnownFileType = sourcecode.c.objc; path = "NSObject+MJClass.m"; sourceTree = "<group>"; };
		75422D071D6EF1B100DCA674 /* NSObject+MJCoding.h */ = {isa = PBXFileReference; fileEncoding = 4; lastKnownFileType = sourcecode.c.h; path = "NSObject+MJCoding.h"; sourceTree = "<group>"; };
		75422D081D6EF1B100DCA674 /* NSObject+MJCoding.m */ = {isa = PBXFileReference; fileEncoding = 4; lastKnownFileType = sourcecode.c.objc; path = "NSObject+MJCoding.m"; sourceTree = "<group>"; };
		75422D091D6EF1B100DCA674 /* NSObject+MJKeyValue.h */ = {isa = PBXFileReference; fileEncoding = 4; lastKnownFileType = sourcecode.c.h; path = "NSObject+MJKeyValue.h"; sourceTree = "<group>"; };
		75422D0A1D6EF1B100DCA674 /* NSObject+MJKeyValue.m */ = {isa = PBXFileReference; fileEncoding = 4; lastKnownFileType = sourcecode.c.objc; path = "NSObject+MJKeyValue.m"; sourceTree = "<group>"; };
		75422D0B1D6EF1B100DCA674 /* NSObject+MJProperty.h */ = {isa = PBXFileReference; fileEncoding = 4; lastKnownFileType = sourcecode.c.h; path = "NSObject+MJProperty.h"; sourceTree = "<group>"; };
		75422D0C1D6EF1B100DCA674 /* NSObject+MJProperty.m */ = {isa = PBXFileReference; fileEncoding = 4; lastKnownFileType = sourcecode.c.objc; path = "NSObject+MJProperty.m"; sourceTree = "<group>"; };
		75422D0D1D6EF1B100DCA674 /* NSString+MJExtension.h */ = {isa = PBXFileReference; fileEncoding = 4; lastKnownFileType = sourcecode.c.h; path = "NSString+MJExtension.h"; sourceTree = "<group>"; };
		75422D0E1D6EF1B100DCA674 /* NSString+MJExtension.m */ = {isa = PBXFileReference; fileEncoding = 4; lastKnownFileType = sourcecode.c.objc; path = "NSString+MJExtension.m"; sourceTree = "<group>"; };
		75422D1A1D6EF1E000DCA674 /* Avc.h */ = {isa = PBXFileReference; fileEncoding = 4; lastKnownFileType = sourcecode.c.h; path = Avc.h; sourceTree = "<group>"; };
		75422D1B1D6EF1E000DCA674 /* Avc.m */ = {isa = PBXFileReference; fileEncoding = 4; lastKnownFileType = sourcecode.c.objc; path = Avc.m; sourceTree = "<group>"; };
		75422D1D1D6EF34A00DCA674 /* Model.h */ = {isa = PBXFileReference; fileEncoding = 4; lastKnownFileType = sourcecode.c.h; path = Model.h; sourceTree = "<group>"; };
		75422D1E1D6EF34A00DCA674 /* Model.m */ = {isa = PBXFileReference; fileEncoding = 4; lastKnownFileType = sourcecode.c.objc; path = Model.m; sourceTree = "<group>"; };
/* End PBXFileReference section */

/* Begin PBXFrameworksBuildPhase section */
		75422CCE1D6EF19000DCA674 /* Frameworks */ = {
			isa = PBXFrameworksBuildPhase;
			buildActionMask = 2147483647;
			files = (
			);
			runOnlyForDeploymentPostprocessing = 0;
		};
/* End PBXFrameworksBuildPhase section */

/* Begin PBXGroup section */
		75422CC81D6EF19000DCA674 = {
			isa = PBXGroup;
			children = (
				75422CD31D6EF19000DCA674 /* TongTiaoXieYi */,
				75422CD21D6EF19000DCA674 /* Products */,
			);
			sourceTree = "<group>";
		};
		75422CD21D6EF19000DCA674 /* Products */ = {
			isa = PBXGroup;
			children = (
				75422CD11D6EF19000DCA674 /* TongTiaoXieYi.app */,
			);
			name = Products;
			sourceTree = "<group>";
		};
		75422CD31D6EF19000DCA674 /* TongTiaoXieYi */ = {
			isa = PBXGroup;
			children = (
				75422CF81D6EF1B100DCA674 /* MJExtension */,
				75422CEB1D6EF19F00DCA674 /* DCURLRouter */,
				75422CD71D6EF19000DCA674 /* AppDelegate.h */,
				75422CD81D6EF19000DCA674 /* AppDelegate.m */,
				75422CDA1D6EF19000DCA674 /* ViewController.h */,
				75422CDB1D6EF19000DCA674 /* ViewController.m */,
				75422D1A1D6EF1E000DCA674 /* Avc.h */,
				75422D1B1D6EF1E000DCA674 /* Avc.m */,
				75422D1D1D6EF34A00DCA674 /* Model.h */,
				75422D1E1D6EF34A00DCA674 /* Model.m */,
				75422CDD1D6EF19000DCA674 /* Main.storyboard */,
				75422CE01D6EF19000DCA674 /* Assets.xcassets */,
				75422CE21D6EF19000DCA674 /* LaunchScreen.storyboard */,
				75422CE51D6EF19000DCA674 /* Info.plist */,
				75422CD41D6EF19000DCA674 /* Supporting Files */,
			);
			path = TongTiaoXieYi;
			sourceTree = "<group>";
		};
		75422CD41D6EF19000DCA674 /* Supporting Files */ = {
			isa = PBXGroup;
			children = (
				75422CD51D6EF19000DCA674 /* main.m */,
			);
			name = "Supporting Files";
			sourceTree = "<group>";
		};
		75422CEB1D6EF19F00DCA674 /* DCURLRouter */ = {
			isa = PBXGroup;
			children = (
				75422CEC1D6EF19F00DCA674 /* DCSingleton.h */,
				75422CED1D6EF19F00DCA674 /* DCURLNavgation.h */,
				75422CEE1D6EF19F00DCA674 /* DCURLNavgation.m */,
				75422CEF1D6EF19F00DCA674 /* DCURLRouter.h */,
				75422CF01D6EF19F00DCA674 /* DCURLRouter.m */,
				75422CF11D6EF19F00DCA674 /* DCURLRouter.plist */,
				75422CF21D6EF19F00DCA674 /* UIViewController+DCURLRouter.h */,
				75422CF31D6EF19F00DCA674 /* UIViewController+DCURLRouter.m */,
			);
			path = DCURLRouter;
			sourceTree = "<group>";
		};
		75422CF81D6EF1B100DCA674 /* MJExtension */ = {
			isa = PBXGroup;
			children = (
				75422CF91D6EF1B100DCA674 /* Info.plist */,
				75422CFA1D6EF1B100DCA674 /* MJExtension.h */,
				75422CFB1D6EF1B100DCA674 /* MJExtensionConst.h */,
				75422CFC1D6EF1B100DCA674 /* MJExtensionConst.m */,
				75422CFD1D6EF1B100DCA674 /* MJFoundation.h */,
				75422CFE1D6EF1B100DCA674 /* MJFoundation.m */,
				75422CFF1D6EF1B100DCA674 /* MJProperty.h */,
				75422D001D6EF1B100DCA674 /* MJProperty.m */,
				75422D011D6EF1B100DCA674 /* MJPropertyKey.h */,
				75422D021D6EF1B100DCA674 /* MJPropertyKey.m */,
				75422D031D6EF1B100DCA674 /* MJPropertyType.h */,
				75422D041D6EF1B100DCA674 /* MJPropertyType.m */,
				75422D051D6EF1B100DCA674 /* NSObject+MJClass.h */,
				75422D061D6EF1B100DCA674 /* NSObject+MJClass.m */,
				75422D071D6EF1B100DCA674 /* NSObject+MJCoding.h */,
				75422D081D6EF1B100DCA674 /* NSObject+MJCoding.m */,
				75422D091D6EF1B100DCA674 /* NSObject+MJKeyValue.h */,
				75422D0A1D6EF1B100DCA674 /* NSObject+MJKeyValue.m */,
				75422D0B1D6EF1B100DCA674 /* NSObject+MJProperty.h */,
				75422D0C1D6EF1B100DCA674 /* NSObject+MJProperty.m */,
				75422D0D1D6EF1B100DCA674 /* NSString+MJExtension.h */,
				75422D0E1D6EF1B100DCA674 /* NSString+MJExtension.m */,
			);
			path = MJExtension;
			sourceTree = "<group>";
		};
/* End PBXGroup section */

/* Begin PBXNativeTarget section */
		75422CD01D6EF19000DCA674 /* TongTiaoXieYi */ = {
			isa = PBXNativeTarget;
			buildConfigurationList = 75422CE81D6EF19000DCA674 /* Build configuration list for PBXNativeTarget "TongTiaoXieYi" */;
			buildPhases = (
				75422CCD1D6EF19000DCA674 /* Sources */,
				75422CCE1D6EF19000DCA674 /* Frameworks */,
				75422CCF1D6EF19000DCA674 /* Resources */,
			);
			buildRules = (
			);
			dependencies = (
			);
			name = TongTiaoXieYi;
			productName = TongTiaoXieYi;
			productReference = 75422CD11D6EF19000DCA674 /* TongTiaoXieYi.app */;
			productType = "com.apple.product-type.application";
		};
/* End PBXNativeTarget section */

/* Begin PBXProject section */
		75422CC91D6EF19000DCA674 /* Project object */ = {
			isa = PBXProject;
			attributes = {
				LastUpgradeCheck = 0730;
				ORGANIZATIONNAME = zengjia;
				TargetAttributes = {
					75422CD01D6EF19000DCA674 = {
						CreatedOnToolsVersion = 7.3.1;
					};
				};
			};
			buildConfigurationList = 75422CCC1D6EF19000DCA674 /* Build configuration list for PBXProject "TongTiaoXieYi" */;
			compatibilityVersion = "Xcode 3.2";
			developmentRegion = English;
			hasScannedForEncodings = 0;
			knownRegions = (
				en,
				Base,
			);
			mainGroup = 75422CC81D6EF19000DCA674;
			productRefGroup = 75422CD21D6EF19000DCA674 /* Products */;
			projectDirPath = "";
			projectRoot = "";
			targets = (
				75422CD01D6EF19000DCA674 /* TongTiaoXieYi */,
			);
		};
/* End PBXProject section */

/* Begin PBXResourcesBuildPhase section */
		75422CCF1D6EF19000DCA674 /* Resources */ = {
			isa = PBXResourcesBuildPhase;
			buildActionMask = 2147483647;
			files = (
				75422CE41D6EF19000DCA674 /* LaunchScreen.storyboard in Resources */,
				75422CE11D6EF19000DCA674 /* Assets.xcassets in Resources */,
				75422CF61D6EF19F00DCA674 /* DCURLRouter.plist in Resources */,
				75422D0F1D6EF1B100DCA674 /* Info.plist in Resources */,
				75422CDF1D6EF19000DCA674 /* Main.storyboard in Resources */,
			);
			runOnlyForDeploymentPostprocessing = 0;
		};
/* End PBXResourcesBuildPhase section */

/* Begin PBXSourcesBuildPhase section */
		75422CCD1D6EF19000DCA674 /* Sources */ = {
			isa = PBXSourcesBuildPhase;
			buildActionMask = 2147483647;
			files = (
				75422CF41D6EF19F00DCA674 /* DCURLNavgation.m in Sources */,
				75422CDC1D6EF19000DCA674 /* ViewController.m in Sources */,
				75422D101D6EF1B100DCA674 /* MJExtensionConst.m in Sources */,
				75422D1F1D6EF34A00DCA674 /* Model.m in Sources */,
				75422CF71D6EF19F00DCA674 /* UIViewController+DCURLRouter.m in Sources */,
				75422D121D6EF1B100DCA674 /* MJProperty.m in Sources */,
				75422D141D6EF1B100DCA674 /* MJPropertyType.m in Sources */,
				75422D1C1D6EF1E000DCA674 /* Avc.m in Sources */,
				75422CF51D6EF19F00DCA674 /* DCURLRouter.m in Sources */,
				75422D181D6EF1B100DCA674 /* NSObject+MJProperty.m in Sources */,
				75422D191D6EF1B100DCA674 /* NSString+MJExtension.m in Sources */,
				75422D161D6EF1B100DCA674 /* NSObject+MJCoding.m in Sources */,
				75422CD91D6EF19000DCA674 /* AppDelegate.m in Sources */,
				75422D131D6EF1B100DCA674 /* MJPropertyKey.m in Sources */,
				75422D171D6EF1B100DCA674 /* NSObject+MJKeyValue.m in Sources */,
				75422D151D6EF1B100DCA674 /* NSObject+MJClass.m in Sources */,
				75422CD61D6EF19000DCA674 /* main.m in Sources */,
				75422D111D6EF1B100DCA674 /* MJFoundation.m in Sources */,
			);
			runOnlyForDeploymentPostprocessing = 0;
		};
/* End PBXSourcesBuildPhase section */

/* Begin PBXVariantGroup section */
		75422CDD1D6EF19000DCA674 /* Main.storyboard */ = {
			isa = PBXVariantGroup;
			children = (
				75422CDE1D6EF19000DCA674 /* Base */,
			);
			name = Main.storyboard;
			sourceTree = "<group>";
		};
		75422CE21D6EF19000DCA674 /* LaunchScreen.storyboard */ = {
			isa = PBXVariantGroup;
			children = (
				75422CE31D6EF19000DCA674 /* Base */,
			);
			name = LaunchScreen.storyboard;
			sourceTree = "<group>";
		};
/* End PBXVariantGroup section */

/* Begin XCBuildConfiguration section */
		75422CE61D6EF19000DCA674 /* Debug */ = {
			isa = XCBuildConfiguration;
			buildSettings = {
				ALWAYS_SEARCH_USER_PATHS = NO;
				CLANG_ANALYZER_NONNULL = YES;
				CLANG_CXX_LANGUAGE_STANDARD = "gnu++0x";
				CLANG_CXX_LIBRARY = "libc++";
				CLANG_ENABLE_MODULES = YES;
				CLANG_ENABLE_OBJC_ARC = YES;
				CLANG_WARN_BOOL_CONVERSION = YES;
				CLANG_WARN_CONSTANT_CONVERSION = YES;
				CLANG_WARN_DIRECT_OBJC_ISA_USAGE = YES_ERROR;
				CLANG_WARN_EMPTY_BODY = YES;
				CLANG_WARN_ENUM_CONVERSION = YES;
				CLANG_WARN_INT_CONVERSION = YES;
				CLANG_WARN_OBJC_ROOT_CLASS = YES_ERROR;
				CLANG_WARN_UNREACHABLE_CODE = YES;
				CLANG_WARN__DUPLICATE_METHOD_MATCH = YES;
				"CODE_SIGN_IDENTITY[sdk=iphoneos*]" = "iPhone Developer";
				COPY_PHASE_STRIP = NO;
				DEBUG_INFORMATION_FORMAT = dwarf;
				ENABLE_STRICT_OBJC_MSGSEND = YES;
				ENABLE_TESTABILITY = YES;
				GCC_C_LANGUAGE_STANDARD = gnu99;
				GCC_DYNAMIC_NO_PIC = NO;
				GCC_NO_COMMON_BLOCKS = YES;
				GCC_OPTIMIZATION_LEVEL = 0;
				GCC_PREPROCESSOR_DEFINITIONS = (
					"DEBUG=1",
					"$(inherited)",
				);
				GCC_WARN_64_TO_32_BIT_CONVERSION = YES;
				GCC_WARN_ABOUT_RETURN_TYPE = YES_ERROR;
				GCC_WARN_UNDECLARED_SELECTOR = YES;
				GCC_WARN_UNINITIALIZED_AUTOS = YES_AGGRESSIVE;
				GCC_WARN_UNUSED_FUNCTION = YES;
				GCC_WARN_UNUSED_VARIABLE = YES;
				IPHONEOS_DEPLOYMENT_TARGET = 9.3;
				MTL_ENABLE_DEBUG_INFO = YES;
				ONLY_ACTIVE_ARCH = YES;
				SDKROOT = iphoneos;
			};
			name = Debug;
		};
		75422CE71D6EF19000DCA674 /* Release */ = {
			isa = XCBuildConfiguration;
			buildSettings = {
				ALWAYS_SEARCH_USER_PATHS = NO;
				CLANG_ANALYZER_NONNULL = YES;
				CLANG_CXX_LANGUAGE_STANDARD = "gnu++0x";
				CLANG_CXX_LIBRARY = "libc++";
				CLANG_ENABLE_MODULES = YES;
				CLANG_ENABLE_OBJC_ARC = YES;
				CLANG_WARN_BOOL_CONVERSION = YES;
				CLANG_WARN_CONSTANT_CONVERSION = YES;
				CLANG_WARN_DIRECT_OBJC_ISA_USAGE = YES_ERROR;
				CLANG_WARN_EMPTY_BODY = YES;
				CLANG_WARN_ENUM_CONVERSION = YES;
				CLANG_WARN_INT_CONVERSION = YES;
				CLANG_WARN_OBJC_ROOT_CLASS = YES_ERROR;
				CLANG_WARN_UNREACHABLE_CODE = YES;
				CLANG_WARN__DUPLICATE_METHOD_MATCH = YES;
				"CODE_SIGN_IDENTITY[sdk=iphoneos*]" = "iPhone Developer";
				COPY_PHASE_STRIP = NO;
				DEBUG_INFORMATION_FORMAT = "dwarf-with-dsym";
				ENABLE_NS_ASSERTIONS = NO;
				ENABLE_STRICT_OBJC_MSGSEND = YES;
				GCC_C_LANGUAGE_STANDARD = gnu99;
				GCC_NO_COMMON_BLOCKS = YES;
				GCC_WARN_64_TO_32_BIT_CONVERSION = YES;
				GCC_WARN_ABOUT_RETURN_TYPE = YES_ERROR;
				GCC_WARN_UNDECLARED_SELECTOR = YES;
				GCC_WARN_UNINITIALIZED_AUTOS = YES_AGGRESSIVE;
				GCC_WARN_UNUSED_FUNCTION = YES;
				GCC_WARN_UNUSED_VARIABLE = YES;
				IPHONEOS_DEPLOYMENT_TARGET = 9.3;
				MTL_ENABLE_DEBUG_INFO = NO;
				SDKROOT = iphoneos;
				VALIDATE_PRODUCT = YES;
			};
			name = Release;
		};
		75422CE91D6EF19000DCA674 /* Debug */ = {
			isa = XCBuildConfiguration;
			buildSettings = {
				ASSETCATALOG_COMPILER_APPICON_NAME = AppIcon;
				INFOPLIST_FILE = TongTiaoXieYi/Info.plist;
				LD_RUNPATH_SEARCH_PATHS = "$(inherited) @executable_path/Frameworks";
				PRODUCT_BUNDLE_IDENTIFIER = com.zengjia.TongTiaoXieYi;
				PRODUCT_NAME = "$(TARGET_NAME)";
			};
			name = Debug;
		};
		75422CEA1D6EF19000DCA674 /* Release */ = {
			isa = XCBuildConfiguration;
			buildSettings = {
				ASSETCATALOG_COMPILER_APPICON_NAME = AppIcon;
				INFOPLIST_FILE = TongTiaoXieYi/Info.plist;
				LD_RUNPATH_SEARCH_PATHS = "$(inherited) @executable_path/Frameworks";
				PRODUCT_BUNDLE_IDENTIFIER = com.zengjia.TongTiaoXieYi;
				PRODUCT_NAME = "$(TARGET_NAME)";
			};
			name = Release;
		};
/* End XCBuildConfiguration section */

/* Begin XCConfigurationList section */
		75422CCC1D6EF19000DCA674 /* Build configuration list for PBXProject "TongTiaoXieYi" */ = {
			isa = XCConfigurationList;
			buildConfigurations = (
				75422CE61D6EF19000DCA674 /* Debug */,
				75422CE71D6EF19000DCA674 /* Release */,
			);
			defaultConfigurationIsVisible = 0;
			defaultConfigurationName = Release;
		};
		75422CE81D6EF19000DCA674 /* Build configuration list for PBXNativeTarget "TongTiaoXieYi" */ = {
			isa = XCConfigurationList;
			buildConfigurations = (
				75422CE91D6EF19000DCA674 /* Debug */,
				75422CEA1D6EF19000DCA674 /* Release */,
			);
			defaultConfigurationIsVisible = 0;
		};
/* End XCConfigurationList section */
	};
	rootObject = 75422CC91D6EF19000DCA674 /* Project object */;
}
